
Microsoft Visual Studio Solution File, Format Version 12.00
# Visual Studio Version 16
VisualStudioVersion = 16.0.33027.164
MinimumVisualStudioVersion = 10.0.40219.1
Project("{FAE04EC0-301F-11D3-BF4B-00C04F79EFBC}") = "DataAccess", "DataAccess\DataAccess.csproj", "{B1D03375-7737-4B11-9AA0-79B8058CDAEF}"
EndProject
Project("{FAE04EC0-301F-11D3-BF4B-00C04F79EFBC}") = "Business", "Business\Business.csproj", "{B3E27953-ABD1-4E2B-AA11-7A85FAE2B250}"
EndProject
Project("{FAE04EC0-301F-11D3-BF4B-00C04F79EFBC}") = "Entities", "Entities\Entities.csproj", "{D7EE0334-A594-426C-AA4B-5F57F9235AF5}"
EndProject
Project("{FAE04EC0-301F-11D3-BF4B-00C04F79EFBC}") = "ConsoleUI", "ConsoleUI\ConsoleUI.csproj", "{B1092DE9-E186-471D-92A4-2C9FB38F95B0}"
EndProject
Global
	GlobalSection(SolutionConfigurationPlatforms) = preSolution
		Debug|Any CPU = Debug|Any CPU
		Release|Any CPU = Release|Any CPU
	EndGlobalSection
	GlobalSection(ProjectConfigurationPlatforms) = postSolution
		{B1D03375-7737-4B11-9AA0-79B8058CDAEF}.Debug|Any CPU.ActiveCfg = Debug|Any CPU
		{B1D03375-7737-4B11-9AA0-79B8058CDAEF}.Debug|Any CPU.Build.0 = Debug|Any CPU
		{B1D03375-7737-4B11-9AA0-79B8058CDAEF}.Release|Any CPU.ActiveCfg = Release|Any CPU
		{B1D03375-7737-4B11-9AA0-79B8058CDAEF}.Release|Any CPU.Build.0 = Release|Any CPU
		{B3E27953-ABD1-4E2B-AA11-7A85FAE2B250}.Debug|Any CPU.ActiveCfg = Debug|Any CPU
		{B3E27953-ABD1-4E2B-AA11-7A85FAE2B250}.Debug|Any CPU.Build.0 = Debug|Any CPU
		{B3E27953-ABD1-4E2B-AA11-7A85FAE2B250}.Release|Any CPU.ActiveCfg = Release|Any CPU
		{B3E27953-ABD1-4E2B-AA11-7A85FAE2B250}.Release|Any CPU.Build.0 = Release|Any CPU
		{D7EE0334-A594-426C-AA4B-5F57F9235AF5}.Debug|Any CPU.ActiveCfg = Debug|Any CPU
		{D7EE0334-A594-426C-AA4B-5F57F9235AF5}.Debug|Any CPU.Build.0 = Debug|Any CPU
		{D7EE0334-A594-426C-AA4B-5F57F9235AF5}.Release|Any CPU.ActiveCfg = Release|Any CPU
		{D7EE0334-A594-426C-AA4B-5F57F9235AF5}.Release|Any CPU.Build.0 = Release|Any CPU
		{B1092DE9-E186-471D-92A4-2C9FB38F95B0}.Debug|Any CPU.ActiveCfg = Debug|Any CPU
		{B1092DE9-E186-471D-92A4-2C9FB38F95B0}.Debug|Any CPU.Build.0 = Debug|Any CPU
		{B1092DE9-E186-471D-92A4-2C9FB38F95B0}.Release|Any CPU.ActiveCfg = Release|Any CPU
		{B1092DE9-E186-471D-92A4-2C9FB38F95B0}.Release|Any CPU.Build.0 = Release|Any CPU
	EndGlobalSection
	GlobalSection(SolutionProperties) = preSolution
		HideSolutionNode = FALSE
	EndGlobalSection
	GlobalSection(ExtensibilityGlobals) = postSolution
		SolutionGuid = {D0005900-F946-4659-A0E5-FB9CBDB47C0F}
	EndGlobalSection
EndGlobal
